// !$*UTF8*$!
{
	archiveVersion = 1;
	classes = {
	};
	objectVersion = 46;
	objects = {

/* Begin PBXBuildFile section */
		EB825E5924DD95A600509F6A /* LPF_FIR.m in Sources */ = {isa = PBXBuildFile; fileRef = EB825E5824DD95A600509F6A /* LPF_FIR.m */; };
		EB825E5C24DD9DBE00509F6A /* soundutil.c in Sources */ = {isa = PBXBuildFile; fileRef = EB825E5B24DD9DBE00509F6A /* soundutil.c */; };
		EB825E5F24DE29C900509F6A /* LPF_IIR.m in Sources */ = {isa = PBXBuildFile; fileRef = EB825E5E24DE29C900509F6A /* LPF_IIR.m */; };
		EB825E6224DEBE3C00509F6A /* 3BandEq.m in Sources */ = {isa = PBXBuildFile; fileRef = EB825E6124DEBE3C00509F6A /* 3BandEq.m */; };
		EB825E6524E2CC1C00509F6A /* HPF_IIR.m in Sources */ = {isa = PBXBuildFile; fileRef = EB825E6424E2CC1C00509F6A /* HPF_IIR.m */; };
		EB825E6824E2CCE900509F6A /* DJFilter.m in Sources */ = {isa = PBXBuildFile; fileRef = EB825E6724E2CCE900509F6A /* DJFilter.m */; };
		EB968B071EDC544800CAE50B /* AppDelegate.m in Sources */ = {isa = PBXBuildFile; fileRef = EB968B061EDC544800CAE50B /* AppDelegate.m */; };
		EB968B0A1EDC544800CAE50B /* main.m in Sources */ = {isa = PBXBuildFile; fileRef = EB968B091EDC544800CAE50B /* main.m */; };
		EB968B0F1EDC544800CAE50B /* Assets.xcassets in Resources */ = {isa = PBXBuildFile; fileRef = EB968B0E1EDC544800CAE50B /* Assets.xcassets */; };
		EB968B1A1EDC547500CAE50B /* MainMenu.xib in Resources */ = {isa = PBXBuildFile; fileRef = EB968B191EDC547500CAE50B /* MainMenu.xib */; };
		EB968B2A1EDCEBE800CAE50B /* AppController.mm in Sources */ = {isa = PBXBuildFile; fileRef = EB968B251EDCEBE800CAE50B /* AppController.mm */; };
		EB968B2B1EDCEBE800CAE50B /* AudioEngine.m in Sources */ = {isa = PBXBuildFile; fileRef = EB968B271EDCEBE800CAE50B /* AudioEngine.m */; };
		EB968B301EDCEC0200CAE50B /* RingBuffer.m in Sources */ = {isa = PBXBuildFile; fileRef = EB968B2C1EDCEC0200CAE50B /* RingBuffer.m */; };
		EB968B311EDCEC0200CAE50B /* RingView.m in Sources */ = {isa = PBXBuildFile; fileRef = EB968B2D1EDCEC0200CAE50B /* RingView.m */; };
		EB968B321EDCEC0200CAE50B /* TurnTableView.m in Sources */ = {isa = PBXBuildFile; fileRef = EB968B2F1EDCEC0200CAE50B /* TurnTableView.m */; };
/* End PBXBuildFile section */

/* Begin PBXFileReference section */
		EB825E5724DD95A600509F6A /* LPF_FIR.h */ = {isa = PBXFileReference; lastKnownFileType = sourcecode.c.h; path = LPF_FIR.h; sourceTree = "<group>"; };
		EB825E5824DD95A600509F6A /* LPF_FIR.m */ = {isa = PBXFileReference; lastKnownFileType = sourcecode.c.objc; path = LPF_FIR.m; sourceTree = "<group>"; };
		EB825E5A24DD9DBE00509F6A /* soundutil.h */ = {isa = PBXFileReference; lastKnownFileType = sourcecode.c.h; path = soundutil.h; sourceTree = "<group>"; };
		EB825E5B24DD9DBE00509F6A /* soundutil.c */ = {isa = PBXFileReference; lastKnownFileType = sourcecode.c.c; path = soundutil.c; sourceTree = "<group>"; };
		EB825E5D24DE29C900509F6A /* LPF_IIR.h */ = {isa = PBXFileReference; lastKnownFileType = sourcecode.c.h; path = LPF_IIR.h; sourceTree = "<group>"; };
		EB825E5E24DE29C900509F6A /* LPF_IIR.m */ = {isa = PBXFileReference; lastKnownFileType = sourcecode.c.objc; path = LPF_IIR.m; sourceTree = "<group>"; };
		EB825E6024DEBE3C00509F6A /* 3BandEq.h */ = {isa = PBXFileReference; lastKnownFileType = sourcecode.c.h; path = 3BandEq.h; sourceTree = "<group>"; };
		EB825E6124DEBE3C00509F6A /* 3BandEq.m */ = {isa = PBXFileReference; lastKnownFileType = sourcecode.c.objc; path = 3BandEq.m; sourceTree = "<group>"; };
		EB825E6324E2CC1C00509F6A /* HPF_IIR.h */ = {isa = PBXFileReference; lastKnownFileType = sourcecode.c.h; path = HPF_IIR.h; sourceTree = "<group>"; };
		EB825E6424E2CC1C00509F6A /* HPF_IIR.m */ = {isa = PBXFileReference; lastKnownFileType = sourcecode.c.objc; path = HPF_IIR.m; sourceTree = "<group>"; };
		EB825E6624E2CCE900509F6A /* DJFilter.h */ = {isa = PBXFileReference; lastKnownFileType = sourcecode.c.h; path = DJFilter.h; sourceTree = "<group>"; };
		EB825E6724E2CCE900509F6A /* DJFilter.m */ = {isa = PBXFileReference; lastKnownFileType = sourcecode.c.objc; path = DJFilter.m; sourceTree = "<group>"; };
		EB968B021EDC544800CAE50B /* Anytime Scratch.app */ = {isa = PBXFileReference; explicitFileType = wrapper.application; includeInIndex = 0; path = "Anytime Scratch.app"; sourceTree = BUILT_PRODUCTS_DIR; };
		EB968B051EDC544800CAE50B /* AppDelegate.h */ = {isa = PBXFileReference; lastKnownFileType = sourcecode.c.h; path = AppDelegate.h; sourceTree = "<group>"; };
		EB968B061EDC544800CAE50B /* AppDelegate.m */ = {isa = PBXFileReference; lastKnownFileType = sourcecode.c.objc; path = AppDelegate.m; sourceTree = "<group>"; };
		EB968B091EDC544800CAE50B /* main.m */ = {isa = PBXFileReference; lastKnownFileType = sourcecode.c.objc; path = main.m; sourceTree = "<group>"; };
		EB968B0E1EDC544800CAE50B /* Assets.xcassets */ = {isa = PBXFileReference; lastKnownFileType = folder.assetcatalog; path = Assets.xcassets; sourceTree = "<group>"; };
		EB968B131EDC544800CAE50B /* Info.plist */ = {isa = PBXFileReference; lastKnownFileType = text.plist.xml; path = Info.plist; sourceTree = "<group>"; };
		EB968B191EDC547500CAE50B /* MainMenu.xib */ = {isa = PBXFileReference; fileEncoding = 4; lastKnownFileType = file.xib; path = MainMenu.xib; sourceTree = "<group>"; };
		EB968B241EDCEBE800CAE50B /* AppController.h */ = {isa = PBXFileReference; fileEncoding = 4; lastKnownFileType = sourcecode.c.h; path = AppController.h; sourceTree = "<group>"; };
		EB968B251EDCEBE800CAE50B /* AppController.mm */ = {isa = PBXFileReference; fileEncoding = 4; lastKnownFileType = sourcecode.cpp.objcpp; path = AppController.mm; sourceTree = "<group>"; };
		EB968B261EDCEBE800CAE50B /* AudioEngine.h */ = {isa = PBXFileReference; fileEncoding = 4; lastKnownFileType = sourcecode.c.h; path = AudioEngine.h; sourceTree = "<group>"; };
		EB968B271EDCEBE800CAE50B /* AudioEngine.m */ = {isa = PBXFileReference; fileEncoding = 4; lastKnownFileType = sourcecode.c.objc; path = AudioEngine.m; sourceTree = "<group>"; };
		EB968B281EDCEBE800CAE50B /* RingBuffer.h */ = {isa = PBXFileReference; fileEncoding = 4; lastKnownFileType = sourcecode.c.h; path = RingBuffer.h; sourceTree = "<group>"; };
		EB968B291EDCEBE800CAE50B /* RingView.h */ = {isa = PBXFileReference; fileEncoding = 4; lastKnownFileType = sourcecode.c.h; path = RingView.h; sourceTree = "<group>"; };
		EB968B2C1EDCEC0200CAE50B /* RingBuffer.m */ = {isa = PBXFileReference; fileEncoding = 4; lastKnownFileType = sourcecode.c.objc; path = RingBuffer.m; sourceTree = "<group>"; };
		EB968B2D1EDCEC0200CAE50B /* RingView.m */ = {isa = PBXFileReference; fileEncoding = 4; lastKnownFileType = sourcecode.c.objc; path = RingView.m; sourceTree = "<group>"; };
		EB968B2E1EDCEC0200CAE50B /* TurnTableView.h */ = {isa = PBXFileReference; fileEncoding = 4; lastKnownFileType = sourcecode.c.h; path = TurnTableView.h; sourceTree = "<group>"; };
		EB968B2F1EDCEC0200CAE50B /* TurnTableView.m */ = {isa = PBXFileReference; fileEncoding = 4; lastKnownFileType = sourcecode.c.objc; path = TurnTableView.m; sourceTree = "<group>"; };
/* End PBXFileReference section */

/* Begin PBXFrameworksBuildPhase section */
		EB968AFF1EDC544800CAE50B /* Frameworks */ = {
			isa = PBXFrameworksBuildPhase;
			buildActionMask = 2147483647;
			files = (
			);
			runOnlyForDeploymentPostprocessing = 0;
		};
/* End PBXFrameworksBuildPhase section */

/* Begin PBXGroup section */
		EB968AF91EDC544800CAE50B = {
			isa = PBXGroup;
			children = (
				EB968B041EDC544800CAE50B /* Anytime Scratch */,
				EB968B031EDC544800CAE50B /* Products */,
			);
			sourceTree = "<group>";
		};
		EB968B031EDC544800CAE50B /* Products */ = {
			isa = PBXGroup;
			children = (
				EB968B021EDC544800CAE50B /* Anytime Scratch.app */,
			);
			name = Products;
			sourceTree = "<group>";
		};
		EB968B041EDC544800CAE50B /* Anytime Scratch */ = {
			isa = PBXGroup;
			children = (
				EB968B241EDCEBE800CAE50B /* AppController.h */,
				EB968B251EDCEBE800CAE50B /* AppController.mm */,
				EB825E5724DD95A600509F6A /* LPF_FIR.h */,
				EB825E5824DD95A600509F6A /* LPF_FIR.m */,
				EB825E6024DEBE3C00509F6A /* 3BandEq.h */,
				EB825E6124DEBE3C00509F6A /* 3BandEq.m */,
				EB825E5D24DE29C900509F6A /* LPF_IIR.h */,
				EB825E5E24DE29C900509F6A /* LPF_IIR.m */,
				EB825E6324E2CC1C00509F6A /* HPF_IIR.h */,
				EB825E6424E2CC1C00509F6A /* HPF_IIR.m */,
				EB825E6624E2CCE900509F6A /* DJFilter.h */,
				EB825E6724E2CCE900509F6A /* DJFilter.m */,
				EB968B261EDCEBE800CAE50B /* AudioEngine.h */,
				EB968B271EDCEBE800CAE50B /* AudioEngine.m */,
				EB968B2E1EDCEC0200CAE50B /* TurnTableView.h */,
				EB968B2F1EDCEC0200CAE50B /* TurnTableView.m */,
				EB968B281EDCEBE800CAE50B /* RingBuffer.h */,
				EB968B2C1EDCEC0200CAE50B /* RingBuffer.m */,
				EB968B291EDCEBE800CAE50B /* RingView.h */,
				EB968B2D1EDCEC0200CAE50B /* RingView.m */,
				EB968B051EDC544800CAE50B /* AppDelegate.h */,
				EB968B061EDC544800CAE50B /* AppDelegate.m */,
				EB968B191EDC547500CAE50B /* MainMenu.xib */,
				EB968B0E1EDC544800CAE50B /* Assets.xcassets */,
				EB968B131EDC544800CAE50B /* Info.plist */,
				EB968B081EDC544800CAE50B /* Supporting Files */,
				EB825E5A24DD9DBE00509F6A /* soundutil.h */,
				EB825E5B24DD9DBE00509F6A /* soundutil.c */,
			);
			path = "Anytime Scratch";
			sourceTree = "<group>";
		};
		EB968B081EDC544800CAE50B /* Supporting Files */ = {
			isa = PBXGroup;
			children = (
				EB968B091EDC544800CAE50B /* main.m */,
			);
			name = "Supporting Files";
			sourceTree = "<group>";
		};
/* End PBXGroup section */

/* Begin PBXNativeTarget section */
		EB968B011EDC544800CAE50B /* Anytime Scratch */ = {
			isa = PBXNativeTarget;
			buildConfigurationList = EB968B161EDC544800CAE50B /* Build configuration list for PBXNativeTarget "Anytime Scratch" */;
			buildPhases = (
				EB968AFE1EDC544800CAE50B /* Sources */,
				EB968AFF1EDC544800CAE50B /* Frameworks */,
				EB968B001EDC544800CAE50B /* Resources */,
			);
			buildRules = (
			);
			dependencies = (
			);
			name = "Anytime Scratch";
			productName = "Anytime Scratch";
			productReference = EB968B021EDC544800CAE50B /* Anytime Scratch.app */;
			productType = "com.apple.product-type.application";
		};
/* End PBXNativeTarget section */

/* Begin PBXProject section */
		EB968AFA1EDC544800CAE50B /* Project object */ = {
			isa = PBXProject;
			attributes = {
				LastUpgradeCheck = 0830;
				ORGANIZATIONNAME = kyab;
				TargetAttributes = {
					EB968B011EDC544800CAE50B = {
						CreatedOnToolsVersion = 8.3.2;
						DevelopmentTeam = A386R5WFZ6;
						ProvisioningStyle = Automatic;
					};
				};
			};
			buildConfigurationList = EB968AFD1EDC544800CAE50B /* Build configuration list for PBXProject "Anytime Scratch" */;
			compatibilityVersion = "Xcode 3.2";
			developmentRegion = English;
			hasScannedForEncodings = 0;
			knownRegions = (
				English,
				en,
				Base,
			);
			mainGroup = EB968AF91EDC544800CAE50B;
			productRefGroup = EB968B031EDC544800CAE50B /* Products */;
			projectDirPath = "";
			projectRoot = "";
			targets = (
				EB968B011EDC544800CAE50B /* Anytime Scratch */,
			);
		};
/* End PBXProject section */

/* Begin PBXResourcesBuildPhase section */
		EB968B001EDC544800CAE50B /* Resources */ = {
			isa = PBXResourcesBuildPhase;
			buildActionMask = 2147483647;
			files = (
				EB968B0F1EDC544800CAE50B /* Assets.xcassets in Resources */,
				EB968B1A1EDC547500CAE50B /* MainMenu.xib in Resources */,
			);
			runOnlyForDeploymentPostprocessing = 0;
		};
/* End PBXResourcesBuildPhase section */

/* Begin PBXSourcesBuildPhase section */
		EB968AFE1EDC544800CAE50B /* Sources */ = {
			isa = PBXSourcesBuildPhase;
			buildActionMask = 2147483647;
			files = (
				EB968B311EDCEC0200CAE50B /* RingView.m in Sources */,
				EB968B2B1EDCEBE800CAE50B /* AudioEngine.m in Sources */,
				EB825E5C24DD9DBE00509F6A /* soundutil.c in Sources */,
				EB968B2A1EDCEBE800CAE50B /* AppController.mm in Sources */,
				EB825E6224DEBE3C00509F6A /* 3BandEq.m in Sources */,
				EB968B0A1EDC544800CAE50B /* main.m in Sources */,
				EB825E5F24DE29C900509F6A /* LPF_IIR.m in Sources */,
				EB968B301EDCEC0200CAE50B /* RingBuffer.m in Sources */,
				EB968B321EDCEC0200CAE50B /* TurnTableView.m in Sources */,
				EB825E6524E2CC1C00509F6A /* HPF_IIR.m in Sources */,
				EB825E5924DD95A600509F6A /* LPF_FIR.m in Sources */,
				EB968B071EDC544800CAE50B /* AppDelegate.m in Sources */,
				EB825E6824E2CCE900509F6A /* DJFilter.m in Sources */,
			);
			runOnlyForDeploymentPostprocessing = 0;
		};
/* End PBXSourcesBuildPhase section */

/* Begin XCBuildConfiguration section */
		EB968B141EDC544800CAE50B /* Debug */ = {
			isa = XCBuildConfiguration;
			buildSettings = {
				ALWAYS_SEARCH_USER_PATHS = NO;
				CLANG_ANALYZER_NONNULL = YES;
				CLANG_ANALYZER_NUMBER_OBJECT_CONVERSION = YES_AGGRESSIVE;
				CLANG_CXX_LANGUAGE_STANDARD = "gnu++0x";
				CLANG_CXX_LIBRARY = "libc++";
				CLANG_ENABLE_MODULES = YES;
				CLANG_ENABLE_OBJC_ARC = YES;
				CLANG_WARN_BOOL_CONVERSION = YES;
				CLANG_WARN_CONSTANT_CONVERSION = YES;
				CLANG_WARN_DIRECT_OBJC_ISA_USAGE = YES_ERROR;
				CLANG_WARN_DOCUMENTATION_COMMENTS = YES;
				CLANG_WARN_EMPTY_BODY = YES;
				CLANG_WARN_ENUM_CONVERSION = YES;
				CLANG_WARN_INFINITE_RECURSION = YES;
				CLANG_WARN_INT_CONVERSION = YES;
				CLANG_WARN_OBJC_ROOT_CLASS = YES_ERROR;
				CLANG_WARN_SUSPICIOUS_MOVE = YES;
				CLANG_WARN_UNREACHABLE_CODE = YES;
				CLANG_WARN__DUPLICATE_METHOD_MATCH = YES;
				CODE_SIGN_IDENTITY = "-";
				COPY_PHASE_STRIP = NO;
				DEBUG_INFORMATION_FORMAT = dwarf;
				ENABLE_STRICT_OBJC_MSGSEND = YES;
				ENABLE_TESTABILITY = YES;
				GCC_C_LANGUAGE_STANDARD = gnu99;
				GCC_DYNAMIC_NO_PIC = NO;
				GCC_NO_COMMON_BLOCKS = YES;
				GCC_OPTIMIZATION_LEVEL = 0;
				GCC_PREPROCESSOR_DEFINITIONS = (
					"DEBUG=1",
					"$(inherited)",
				);
				GCC_WARN_64_TO_32_BIT_CONVERSION = YES;
				GCC_WARN_ABOUT_RETURN_TYPE = YES_ERROR;
				GCC_WARN_UNDECLARED_SELECTOR = YES;
				GCC_WARN_UNINITIALIZED_AUTOS = YES_AGGRESSIVE;
				GCC_WARN_UNUSED_FUNCTION = YES;
				GCC_WARN_UNUSED_VARIABLE = YES;
				MACOSX_DEPLOYMENT_TARGET = 10.12;
				MTL_ENABLE_DEBUG_INFO = YES;
				ONLY_ACTIVE_ARCH = YES;
				SDKROOT = macosx;
			};
			name = Debug;
		};
		EB968B151EDC544800CAE50B /* Release */ = {
			isa = XCBuildConfiguration;
			buildSettings = {
				ALWAYS_SEARCH_USER_PATHS = NO;
				CLANG_ANALYZER_NONNULL = YES;
				CLANG_ANALYZER_NUMBER_OBJECT_CONVERSION = YES_AGGRESSIVE;
				CLANG_CXX_LANGUAGE_STANDARD = "gnu++0x";
				CLANG_CXX_LIBRARY = "libc++";
				CLANG_ENABLE_MODULES = YES;
				CLANG_ENABLE_OBJC_ARC = YES;
				CLANG_WARN_BOOL_CONVERSION = YES;
				CLANG_WARN_CONSTANT_CONVERSION = YES;
				CLANG_WARN_DIRECT_OBJC_ISA_USAGE = YES_ERROR;
				CLANG_WARN_DOCUMENTATION_COMMENTS = YES;
				CLANG_WARN_EMPTY_BODY = YES;
				CLANG_WARN_ENUM_CONVERSION = YES;
				CLANG_WARN_INFINITE_RECURSION = YES;
				CLANG_WARN_INT_CONVERSION = YES;
				CLANG_WARN_OBJC_ROOT_CLASS = YES_ERROR;
				CLANG_WARN_SUSPICIOUS_MOVE = YES;
				CLANG_WARN_UNREACHABLE_CODE = YES;
				CLANG_WARN__DUPLICATE_METHOD_MATCH = YES;
				CODE_SIGN_IDENTITY = "-";
				COPY_PHASE_STRIP = NO;
				DEBUG_INFORMATION_FORMAT = "dwarf-with-dsym";
				ENABLE_NS_ASSERTIONS = NO;
				ENABLE_STRICT_OBJC_MSGSEND = YES;
				GCC_C_LANGUAGE_STANDARD = gnu99;
				GCC_NO_COMMON_BLOCKS = YES;
				GCC_WARN_64_TO_32_BIT_CONVERSION = YES;
				GCC_WARN_ABOUT_RETURN_TYPE = YES_ERROR;
				GCC_WARN_UNDECLARED_SELECTOR = YES;
				GCC_WARN_UNINITIALIZED_AUTOS = YES_AGGRESSIVE;
				GCC_WARN_UNUSED_FUNCTION = YES;
				GCC_WARN_UNUSED_VARIABLE = YES;
				MACOSX_DEPLOYMENT_TARGET = 10.12;
				MTL_ENABLE_DEBUG_INFO = NO;
				SDKROOT = macosx;
			};
			name = Release;
		};
		EB968B171EDC544800CAE50B /* Debug */ = {
			isa = XCBuildConfiguration;
			buildSettings = {
				ASSETCATALOG_COMPILER_APPICON_NAME = AppIcon;
				COMBINE_HIDPI_IMAGES = YES;
				DEVELOPMENT_TEAM = A386R5WFZ6;
				INFOPLIST_FILE = "Anytime Scratch/Info.plist";
				LD_RUNPATH_SEARCH_PATHS = "$(inherited) @executable_path/../Frameworks";
				PRODUCT_BUNDLE_IDENTIFIER = "com.kyab.Anytime-Scratch";
				PRODUCT_NAME = "$(TARGET_NAME)";
			};
			name = Debug;
		};
		EB968B181EDC544800CAE50B /* Release */ = {
			isa = XCBuildConfiguration;
			buildSettings = {
				ASSETCATALOG_COMPILER_APPICON_NAME = AppIcon;
				COMBINE_HIDPI_IMAGES = YES;
				DEVELOPMENT_TEAM = A386R5WFZ6;
				INFOPLIST_FILE = "Anytime Scratch/Info.plist";
				LD_RUNPATH_SEARCH_PATHS = "$(inherited) @executable_path/../Frameworks";
				PRODUCT_BUNDLE_IDENTIFIER = "com.kyab.Anytime-Scratch";
				PRODUCT_NAME = "$(TARGET_NAME)";
			};
			name = Release;
		};
/* End XCBuildConfiguration section */

/* Begin XCConfigurationList section */
		EB968AFD1EDC544800CAE50B /* Build configuration list for PBXProject "Anytime Scratch" */ = {
			isa = XCConfigurationList;
			buildConfigurations = (
				EB968B141EDC544800CAE50B /* Debug */,
				EB968B151EDC544800CAE50B /* Release */,
			);
			defaultConfigurationIsVisible = 0;
			defaultConfigurationName = Release;
		};
		EB968B161EDC544800CAE50B /* Build configuration list for PBXNativeTarget "Anytime Scratch" */ = {
			isa = XCConfigurationList;
			buildConfigurations = (
				EB968B171EDC544800CAE50B /* Debug */,
				EB968B181EDC544800CAE50B /* Release */,
			);
			defaultConfigurationIsVisible = 0;
			defaultConfigurationName = Release;
		};
/* End XCConfigurationList section */
	};
	rootObject = EB968AFA1EDC544800CAE50B /* Project object */;
}
